
Microsoft Visual Studio Solution File, Format Version 12.00
# Visual Studio Version 17
VisualStudioVersion = 17.2.32526.322
MinimumVisualStudioVersion = 10.0.40219.1
Project("{9A19103F-16F7-4668-BE54-9A1E7A4F7556}") = "ConsoleApp1", "ConsoleApp1\ConsoleApp1.csproj", "{04EEB065-407C-4906-B658-C538AFC8DEE5}"
EndProject
Project("{9A19103F-16F7-4668-BE54-9A1E7A4F7556}") = "Kubernetes UI Application", "Kubernetes UI Application\Kubernetes UI Application.csproj", "{94013BE1-EB90-4167-93FD-5EEB7DB41EE3}"
EndProject
Project("{2150E333-8FDC-42A3-9474-1A3956D46DE8}") = "Solution Items", "Solution Items", "{0ED09BFC-7720-42D2-BD09-36319030DA23}"
	ProjectSection(SolutionItems) = preProject
		.editorconfig = .editorconfig
	EndProjectSection
EndProject
Global
	GlobalSection(SolutionConfigurationPlatforms) = preSolution
		Debug|Any CPU = Debug|Any CPU
		Release|Any CPU = Release|Any CPU
	EndGlobalSection
	GlobalSection(ProjectConfigurationPlatforms) = postSolution
		{04EEB065-407C-4906-B658-C538AFC8DEE5}.Debug|Any CPU.ActiveCfg = Debug|Any CPU
		{04EEB065-407C-4906-B658-C538AFC8DEE5}.Debug|Any CPU.Build.0 = Debug|Any CPU
		{04EEB065-407C-4906-B658-C538AFC8DEE5}.Release|Any CPU.ActiveCfg = Release|Any CPU
		{04EEB065-407C-4906-B658-C538AFC8DEE5}.Release|Any CPU.Build.0 = Release|Any CPU
		{94013BE1-EB90-4167-93FD-5EEB7DB41EE3}.Debug|Any CPU.ActiveCfg = Debug|Any CPU
		{94013BE1-EB90-4167-93FD-5EEB7DB41EE3}.Debug|Any CPU.Build.0 = Debug|Any CPU
		{94013BE1-EB90-4167-93FD-5EEB7DB41EE3}.Release|Any CPU.ActiveCfg = Release|Any CPU
		{94013BE1-EB90-4167-93FD-5EEB7DB41EE3}.Release|Any CPU.Build.0 = Release|Any CPU
	EndGlobalSection
	GlobalSection(SolutionProperties) = preSolution
		HideSolutionNode = FALSE
	EndGlobalSection
	GlobalSection(ExtensibilityGlobals) = postSolution
		SolutionGuid = {F38D9139-7BE6-4325-AF4E-B8AFF54A4729}
	EndGlobalSection
EndGlobal
